
Microsoft Visual Studio Solution File, Format Version 12.00
# Visual Studio 15
VisualStudioVersion = 15.0.28307.539
MinimumVisualStudioVersion = 10.0.40219.1
Project("{FAE04EC0-301F-11D3-BF4B-00C04F79EFBC}") = "001_XML", "XML\001_XML.csproj", "{917ABCFB-4F4F-457E-81BB-EC2E71971B52}"
EndProject
Project("{FAE04EC0-301F-11D3-BF4B-00C04F79EFBC}") = "002_XMLTextReader", "002_XML\002_XMLTextReader.csproj", "{3C080E7B-F141-4520-9013-E3391269327E}"
EndProject
Project("{FAE04EC0-301F-11D3-BF4B-00C04F79EFBC}") = "003_XMLString", "003_XML\003_XMLString.csproj", "{5BDCB4B5-5D89-4060-8FB2-5B258347FCD2}"
EndProject
Project("{FAE04EC0-301F-11D3-BF4B-00C04F79EFBC}") = "004_XML", "004_XML\004_XML.csproj", "{760DEBB8-0BC0-48F6-A29D-645E169E6E23}"
EndProject
Project("{FAE04EC0-301F-11D3-BF4B-00C04F79EFBC}") = "005_XML", "005_XML\005_XML.csproj", "{EAFB2B7F-2861-42E9-AB5E-6BDA98889349}"
EndProject
Project("{FAE04EC0-301F-11D3-BF4B-00C04F79EFBC}") = "006_XML", "006_XML\006_XML.csproj", "{024D209B-0E1B-42EF-9933-FAEAB9B400F9}"
EndProject
Project("{FAE04EC0-301F-11D3-BF4B-00C04F79EFBC}") = "007_XML", "007_XML\007_XML.csproj", "{61A95B6F-048D-449D-9DAF-F6A726B1E71B}"
EndProject
Project("{FAE04EC0-301F-11D3-BF4B-00C04F79EFBC}") = "008_XML", "008_XML\008_XML.csproj", "{48507FBE-A463-40E1-9B39-A505090A1986}"
EndProject
Project("{FAE04EC0-301F-11D3-BF4B-00C04F79EFBC}") = "009_XML", "009_XML\009_XML.csproj", "{DDE678AC-7502-4467-BFB9-D8FDE29B34F9}"
EndProject
Project("{FAE04EC0-301F-11D3-BF4B-00C04F79EFBC}") = "010_XML", "010_XML\010_XML.csproj", "{1294275A-9536-4DE9-87B0-2DAF543D739F}"
EndProject
Project("{FAE04EC0-301F-11D3-BF4B-00C04F79EFBC}") = "011_XML", "011_XML\011_XML.csproj", "{40CBA237-AE40-4D06-AC21-EFF90E4BF620}"
EndProject
Global
	GlobalSection(SolutionConfigurationPlatforms) = preSolution
		Debug|Any CPU = Debug|Any CPU
		Release|Any CPU = Release|Any CPU
	EndGlobalSection
	GlobalSection(ProjectConfigurationPlatforms) = postSolution
		{917ABCFB-4F4F-457E-81BB-EC2E71971B52}.Debug|Any CPU.ActiveCfg = Debug|Any CPU
		{917ABCFB-4F4F-457E-81BB-EC2E71971B52}.Debug|Any CPU.Build.0 = Debug|Any CPU
		{917ABCFB-4F4F-457E-81BB-EC2E71971B52}.Release|Any CPU.ActiveCfg = Release|Any CPU
		{917ABCFB-4F4F-457E-81BB-EC2E71971B52}.Release|Any CPU.Build.0 = Release|Any CPU
		{3C080E7B-F141-4520-9013-E3391269327E}.Debug|Any CPU.ActiveCfg = Debug|Any CPU
		{3C080E7B-F141-4520-9013-E3391269327E}.Debug|Any CPU.Build.0 = Debug|Any CPU
		{3C080E7B-F141-4520-9013-E3391269327E}.Release|Any CPU.ActiveCfg = Release|Any CPU
		{3C080E7B-F141-4520-9013-E3391269327E}.Release|Any CPU.Build.0 = Release|Any CPU
		{5BDCB4B5-5D89-4060-8FB2-5B258347FCD2}.Debug|Any CPU.ActiveCfg = Debug|Any CPU
		{5BDCB4B5-5D89-4060-8FB2-5B258347FCD2}.Debug|Any CPU.Build.0 = Debug|Any CPU
		{5BDCB4B5-5D89-4060-8FB2-5B258347FCD2}.Release|Any CPU.ActiveCfg = Release|Any CPU
		{5BDCB4B5-5D89-4060-8FB2-5B258347FCD2}.Release|Any CPU.Build.0 = Release|Any CPU
		{760DEBB8-0BC0-48F6-A29D-645E169E6E23}.Debug|Any CPU.ActiveCfg = Debug|Any CPU
		{760DEBB8-0BC0-48F6-A29D-645E169E6E23}.Debug|Any CPU.Build.0 = Debug|Any CPU
		{760DEBB8-0BC0-48F6-A29D-645E169E6E23}.Release|Any CPU.ActiveCfg = Release|Any CPU
		{760DEBB8-0BC0-48F6-A29D-645E169E6E23}.Release|Any CPU.Build.0 = Release|Any CPU
		{EAFB2B7F-2861-42E9-AB5E-6BDA98889349}.Debug|Any CPU.ActiveCfg = Debug|Any CPU
		{EAFB2B7F-2861-42E9-AB5E-6BDA98889349}.Debug|Any CPU.Build.0 = Debug|Any CPU
		{EAFB2B7F-2861-42E9-AB5E-6BDA98889349}.Release|Any CPU.ActiveCfg = Release|Any CPU
		{EAFB2B7F-2861-42E9-AB5E-6BDA98889349}.Release|Any CPU.Build.0 = Release|Any CPU
		{024D209B-0E1B-42EF-9933-FAEAB9B400F9}.Debug|Any CPU.ActiveCfg = Debug|Any CPU
		{024D209B-0E1B-42EF-9933-FAEAB9B400F9}.Debug|Any CPU.Build.0 = Debug|Any CPU
		{024D209B-0E1B-42EF-9933-FAEAB9B400F9}.Release|Any CPU.ActiveCfg = Release|Any CPU
		{024D209B-0E1B-42EF-9933-FAEAB9B400F9}.Release|Any CPU.Build.0 = Release|Any CPU
		{61A95B6F-048D-449D-9DAF-F6A726B1E71B}.Debug|Any CPU.ActiveCfg = Debug|Any CPU
		{61A95B6F-048D-449D-9DAF-F6A726B1E71B}.Debug|Any CPU.Build.0 = Debug|Any CPU
		{61A95B6F-048D-449D-9DAF-F6A726B1E71B}.Release|Any CPU.ActiveCfg = Release|Any CPU
		{61A95B6F-048D-449D-9DAF-F6A726B1E71B}.Release|Any CPU.Build.0 = Release|Any CPU
		{48507FBE-A463-40E1-9B39-A505090A1986}.Debug|Any CPU.ActiveCfg = Debug|Any CPU
		{48507FBE-A463-40E1-9B39-A505090A1986}.Debug|Any CPU.Build.0 = Debug|Any CPU
		{48507FBE-A463-40E1-9B39-A505090A1986}.Release|Any CPU.ActiveCfg = Release|Any CPU
		{48507FBE-A463-40E1-9B39-A505090A1986}.Release|Any CPU.Build.0 = Release|Any CPU
		{DDE678AC-7502-4467-BFB9-D8FDE29B34F9}.Debug|Any CPU.ActiveCfg = Debug|Any CPU
		{DDE678AC-7502-4467-BFB9-D8FDE29B34F9}.Debug|Any CPU.Build.0 = Debug|Any CPU
		{DDE678AC-7502-4467-BFB9-D8FDE29B34F9}.Release|Any CPU.ActiveCfg = Release|Any CPU
		{DDE678AC-7502-4467-BFB9-D8FDE29B34F9}.Release|Any CPU.Build.0 = Release|Any CPU
		{1294275A-9536-4DE9-87B0-2DAF543D739F}.Debug|Any CPU.ActiveCfg = Debug|Any CPU
		{1294275A-9536-4DE9-87B0-2DAF543D739F}.Debug|Any CPU.Build.0 = Debug|Any CPU
		{1294275A-9536-4DE9-87B0-2DAF543D739F}.Release|Any CPU.ActiveCfg = Release|Any CPU
		{1294275A-9536-4DE9-87B0-2DAF543D739F}.Release|Any CPU.Build.0 = Release|Any CPU
		{40CBA237-AE40-4D06-AC21-EFF90E4BF620}.Debug|Any CPU.ActiveCfg = Debug|Any CPU
		{40CBA237-AE40-4D06-AC21-EFF90E4BF620}.Debug|Any CPU.Build.0 = Debug|Any CPU
		{40CBA237-AE40-4D06-AC21-EFF90E4BF620}.Release|Any CPU.ActiveCfg = Release|Any CPU
		{40CBA237-AE40-4D06-AC21-EFF90E4BF620}.Release|Any CPU.Build.0 = Release|Any CPU
	EndGlobalSection
	GlobalSection(SolutionProperties) = preSolution
		HideSolutionNode = FALSE
	EndGlobalSection
	GlobalSection(ExtensibilityGlobals) = postSolution
		SolutionGuid = {05FAC9F9-B2C4-4F98-8435-1397D1D564B1}
	EndGlobalSection
EndGlobal
